// !$*UTF8*$!
{
	archiveVersion = 1;
	classes = {
	};
	objectVersion = 50;
	objects = {

/* Begin PBXBuildFile section */
		89EA7B872331226800FBFC0C /* AppDelegate.swift in Sources */ = {isa = PBXBuildFile; fileRef = 89EA7B862331226800FBFC0C /* AppDelegate.swift */; };
		89EA7B892331226800FBFC0C /* SceneDelegate.swift in Sources */ = {isa = PBXBuildFile; fileRef = 89EA7B882331226800FBFC0C /* SceneDelegate.swift */; };
		89EA7B8B2331226800FBFC0C /* ViewController.swift in Sources */ = {isa = PBXBuildFile; fileRef = 89EA7B8A2331226800FBFC0C /* ViewController.swift */; };
		89EA7B8E2331226800FBFC0C /* Main.storyboard in Resources */ = {isa = PBXBuildFile; fileRef = 89EA7B8C2331226800FBFC0C /* Main.storyboard */; };
		89EA7B902331226C00FBFC0C /* Assets.xcassets in Resources */ = {isa = PBXBuildFile; fileRef = 89EA7B8F2331226C00FBFC0C /* Assets.xcassets */; };
		89EA7B932331226C00FBFC0C /* LaunchScreen.storyboard in Resources */ = {isa = PBXBuildFile; fileRef = 89EA7B912331226C00FBFC0C /* LaunchScreen.storyboard */; };
		89EA7B9B2331247300FBFC0C /* PersonCell.swift in Sources */ = {isa = PBXBuildFile; fileRef = 89EA7B9A2331247300FBFC0C /* PersonCell.swift */; };
		89EA7BA02332052500FBFC0C /* Person.swift in Sources */ = {isa = PBXBuildFile; fileRef = 89EA7B9F2332052500FBFC0C /* Person.swift */; };
/* End PBXBuildFile section */

/* Begin PBXFileReference section */
		89EA7B832331226700FBFC0C /* RememberNames.app */ = {isa = PBXFileReference; explicitFileType = wrapper.application; includeInIndex = 0; path = RememberNames.app; sourceTree = BUILT_PRODUCTS_DIR; };
		89EA7B862331226800FBFC0C /* AppDelegate.swift */ = {isa = PBXFileReference; lastKnownFileType = sourcecode.swift; path = AppDelegate.swift; sourceTree = "<group>"; };
		89EA7B882331226800FBFC0C /* SceneDelegate.swift */ = {isa = PBXFileReference; lastKnownFileType = sourcecode.swift; path = SceneDelegate.swift; sourceTree = "<group>"; };
		89EA7B8A2331226800FBFC0C /* ViewController.swift */ = {isa = PBXFileReference; lastKnownFileType = sourcecode.swift; path = ViewController.swift; sourceTree = "<group>"; };
		89EA7B8D2331226800FBFC0C /* Base */ = {isa = PBXFileReference; lastKnownFileType = file.storyboard; name = Base; path = Base.lproj/Main.storyboard; sourceTree = "<group>"; };
		89EA7B8F2331226C00FBFC0C /* Assets.xcassets */ = {isa = PBXFileReference; lastKnownFileType = folder.assetcatalog; path = Assets.xcassets; sourceTree = "<group>"; };
		89EA7B922331226C00FBFC0C /* Base */ = {isa = PBXFileReference; lastKnownFileType = file.storyboard; name = Base; path = Base.lproj/LaunchScreen.storyboard; sourceTree = "<group>"; };
		89EA7B942331226C00FBFC0C /* Info.plist */ = {isa = PBXFileReference; lastKnownFileType = text.plist.xml; path = Info.plist; sourceTree = "<group>"; };
		89EA7B9A2331247300FBFC0C /* PersonCell.swift */ = {isa = PBXFileReference; lastKnownFileType = sourcecode.swift; path = PersonCell.swift; sourceTree = "<group>"; };
		89EA7B9F2332052500FBFC0C /* Person.swift */ = {isa = PBXFileReference; lastKnownFileType = sourcecode.swift; path = Person.swift; sourceTree = "<group>"; };
/* End PBXFileReference section */

/* Begin PBXFrameworksBuildPhase section */
		89EA7B802331226700FBFC0C /* Frameworks */ = {
			isa = PBXFrameworksBuildPhase;
			buildActionMask = 2147483647;
			files = (
			);
			runOnlyForDeploymentPostprocessing = 0;
		};
/* End PBXFrameworksBuildPhase section */

/* Begin PBXGroup section */
		89EA7B7A2331226700FBFC0C = {
			isa = PBXGroup;
			children = (
				89EA7B852331226700FBFC0C /* RememberNames */,
				89EA7B842331226700FBFC0C /* Products */,
			);
			sourceTree = "<group>";
		};
		89EA7B842331226700FBFC0C /* Products */ = {
			isa = PBXGroup;
			children = (
				89EA7B832331226700FBFC0C /* RememberNames.app */,
			);
			name = Products;
			sourceTree = "<group>";
		};
		89EA7B852331226700FBFC0C /* RememberNames */ = {
			isa = PBXGroup;
			children = (
				89EA7B862331226800FBFC0C /* AppDelegate.swift */,
				89EA7B882331226800FBFC0C /* SceneDelegate.swift */,
				89EA7B8A2331226800FBFC0C /* ViewController.swift */,
				89EA7B9F2332052500FBFC0C /* Person.swift */,
				89EA7B8C2331226800FBFC0C /* Main.storyboard */,
				89EA7B9A2331247300FBFC0C /* PersonCell.swift */,
				89EA7B8F2331226C00FBFC0C /* Assets.xcassets */,
				89EA7B912331226C00FBFC0C /* LaunchScreen.storyboard */,
				89EA7B942331226C00FBFC0C /* Info.plist */,
			);
			path = RememberNames;
			sourceTree = "<group>";
		};
/* End PBXGroup section */

/* Begin PBXNativeTarget section */
		89EA7B822331226700FBFC0C /* RememberNames */ = {
			isa = PBXNativeTarget;
			buildConfigurationList = 89EA7B972331226C00FBFC0C /* Build configuration list for PBXNativeTarget "RememberNames" */;
			buildPhases = (
				89EA7B7F2331226700FBFC0C /* Sources */,
				89EA7B802331226700FBFC0C /* Frameworks */,
				89EA7B812331226700FBFC0C /* Resources */,
			);
			buildRules = (
			);
			dependencies = (
			);
			name = RememberNames;
			productName = RememberNames;
			productReference = 89EA7B832331226700FBFC0C /* RememberNames.app */;
			productType = "com.apple.product-type.application";
		};
/* End PBXNativeTarget section */

/* Begin PBXProject section */
		89EA7B7B2331226700FBFC0C /* Project object */ = {
			isa = PBXProject;
			attributes = {
				LastSwiftUpdateCheck = 1100;
				LastUpgradeCheck = 1100;
				ORGANIZATIONNAME = "Mihai Leonte";
				TargetAttributes = {
					89EA7B822331226700FBFC0C = {
						CreatedOnToolsVersion = 11.0;
					};
				};
			};
			buildConfigurationList = 89EA7B7E2331226700FBFC0C /* Build configuration list for PBXProject "RememberNames" */;
			compatibilityVersion = "Xcode 9.3";
			developmentRegion = en;
			hasScannedForEncodings = 0;
			knownRegions = (
				en,
				Base,
			);
			mainGroup = 89EA7B7A2331226700FBFC0C;
			productRefGroup = 89EA7B842331226700FBFC0C /* Products */;
			projectDirPath = "";
			projectRoot = "";
			targets = (
				89EA7B822331226700FBFC0C /* RememberNames */,
			);
		};
/* End PBXProject section */

/* Begin PBXResourcesBuildPhase section */
		89EA7B812331226700FBFC0C /* Resources */ = {
			isa = PBXResourcesBuildPhase;
			buildActionMask = 2147483647;
			files = (
				89EA7B932331226C00FBFC0C /* LaunchScreen.storyboard in Resources */,
				89EA7B902331226C00FBFC0C /* Assets.xcassets in Resources */,
				89EA7B8E2331226800FBFC0C /* Main.storyboard in Resources */,
			);
			runOnlyForDeploymentPostprocessing = 0;
		};
/* End PBXResourcesBuildPhase section */

/* Begin PBXSourcesBuildPhase section */
		89EA7B7F2331226700FBFC0C /* Sources */ = {
			isa = PBXSourcesBuildPhase;
			buildActionMask = 2147483647;
			files = (
				89EA7BA02332052500FBFC0C /* Person.swift in Sources */,
				89EA7B8B2331226800FBFC0C /* ViewController.swift in Sources */,
				89EA7B872331226800FBFC0C /* AppDelegate.swift in Sources */,
				89EA7B9B2331247300FBFC0C /* PersonCell.swift in Sources */,
				89EA7B892331226800FBFC0C /* SceneDelegate.swift in Sources */,
			);
			runOnlyForDeploymentPostprocessing = 0;
		};
/* End PBXSourcesBuildPhase section */

/* Begin PBXVariantGroup section */
		89EA7B8C2331226800FBFC0C /* Main.storyboard */ = {
			isa = PBXVariantGroup;
			children = (
				89EA7B8D2331226800FBFC0C /* Base */,
			);
			name = Main.storyboard;
			sourceTree = "<group>";
		};
		89EA7B912331226C00FBFC0C /* LaunchScreen.storyboard */ = {
			isa = PBXVariantGroup;
			children = (
				89EA7B922331226C00FBFC0C /* Base */,
			);
			name = LaunchScreen.storyboard;
			sourceTree = "<group>";
		};
/* End PBXVariantGroup section */

/* Begin XCBuildConfiguration section */
		89EA7B952331226C00FBFC0C /* Debug */ = {
			isa = XCBuildConfiguration;
			buildSettings = {
				ALWAYS_SEARCH_USER_PATHS = NO;
				CLANG_ANALYZER_NONNULL = YES;
				CLANG_ANALYZER_NUMBER_OBJECT_CONVERSION = YES_AGGRESSIVE;
				CLANG_CXX_LANGUAGE_STANDARD = "gnu++14";
				CLANG_CXX_LIBRARY = "libc++";
				CLANG_ENABLE_MODULES = YES;
				CLANG_ENABLE_OBJC_ARC = YES;
				CLANG_ENABLE_OBJC_WEAK = YES;
				CLANG_WARN_BLOCK_CAPTURE_AUTORELEASING = YES;
				CLANG_WARN_BOOL_CONVERSION = YES;
				CLANG_WARN_COMMA = YES;
				CLANG_WARN_CONSTANT_CONVERSION = YES;
				CLANG_WARN_DEPRECATED_OBJC_IMPLEMENTATIONS = YES;
				CLANG_WARN_DIRECT_OBJC_ISA_USAGE = YES_ERROR;
				CLANG_WARN_DOCUMENTATION_COMMENTS = YES;
				CLANG_WARN_EMPTY_BODY = YES;
				CLANG_WARN_ENUM_CONVERSION = YES;
				CLANG_WARN_INFINITE_RECURSION = YES;
				CLANG_WARN_INT_CONVERSION = YES;
				CLANG_WARN_NON_LITERAL_NULL_CONVERSION = YES;
				CLANG_WARN_OBJC_IMPLICIT_RETAIN_SELF = YES;
				CLANG_WARN_OBJC_LITERAL_CONVERSION = YES;
				CLANG_WARN_OBJC_ROOT_CLASS = YES_ERROR;
				CLANG_WARN_RANGE_LOOP_ANALYSIS = YES;
				CLANG_WARN_STRICT_PROTOTYPES = YES;
				CLANG_WARN_SUSPICIOUS_MOVE = YES;
				CLANG_WARN_UNGUARDED_AVAILABILITY = YES_AGGRESSIVE;
				CLANG_WARN_UNREACHABLE_CODE = YES;
				CLANG_WARN__DUPLICATE_METHOD_MATCH = YES;
				COPY_PHASE_STRIP = NO;
				DEBUG_INFORMATION_FORMAT = dwarf;
				ENABLE_STRICT_OBJC_MSGSEND = YES;
				ENABLE_TESTABILITY = YES;
				GCC_C_LANGUAGE_STANDARD = gnu11;
				GCC_DYNAMIC_NO_PIC = NO;
				GCC_NO_COMMON_BLOCKS = YES;
				GCC_OPTIMIZATION_LEVEL = 0;
				GCC_PREPROCESSOR_DEFINITIONS = (
					"DEBUG=1",
					"$(inherited)",
				);
				GCC_WARN_64_TO_32_BIT_CONVERSION = YES;
				GCC_WARN_ABOUT_RETURN_TYPE = YES_ERROR;
				GCC_WARN_UNDECLARED_SELECTOR = YES;
				GCC_WARN_UNINITIALIZED_AUTOS = YES_AGGRESSIVE;
				GCC_WARN_UNUSED_FUNCTION = YES;
				GCC_WARN_UNUSED_VARIABLE = YES;
				IPHONEOS_DEPLOYMENT_TARGET = 13.0;
				MTL_ENABLE_DEBUG_INFO = INCLUDE_SOURCE;
				MTL_FAST_MATH = YES;
				ONLY_ACTIVE_ARCH = YES;
				SDKROOT = iphoneos;
				SWIFT_ACTIVE_COMPILATION_CONDITIONS = DEBUG;
				SWIFT_OPTIMIZATION_LEVEL = "-Onone";
			};
			name = Debug;
		};
		89EA7B962331226C00FBFC0C /* Release */ = {
			isa = XCBuildConfiguration;
			buildSettings = {
				ALWAYS_SEARCH_USER_PATHS = NO;
				CLANG_ANALYZER_NONNULL = YES;
				CLANG_ANALYZER_NUMBER_OBJECT_CONVERSION = YES_AGGRESSIVE;
				CLANG_CXX_LANGUAGE_STANDARD = "gnu++14";
				CLANG_CXX_LIBRARY = "libc++";
				CLANG_ENABLE_MODULES = YES;
				CLANG_ENABLE_OBJC_ARC = YES;
				CLANG_ENABLE_OBJC_WEAK = YES;
				CLANG_WARN_BLOCK_CAPTURE_AUTORELEASING = YES;
				CLANG_WARN_BOOL_CONVERSION = YES;
				CLANG_WARN_COMMA = YES;
				CLANG_WARN_CONSTANT_CONVERSION = YES;
				CLANG_WARN_DEPRECATED_OBJC_IMPLEMENTATIONS = YES;
				CLANG_WARN_DIRECT_OBJC_ISA_USAGE = YES_ERROR;
				CLANG_WARN_DOCUMENTATION_COMMENTS = YES;
				CLANG_WARN_EMPTY_BODY = YES;
				CLANG_WARN_ENUM_CONVERSION = YES;
				CLANG_WARN_INFINITE_RECURSION = YES;
				CLANG_WARN_INT_CONVERSION = YES;
				CLANG_WARN_NON_LITERAL_NULL_CONVERSION = YES;
				CLANG_WARN_OBJC_IMPLICIT_RETAIN_SELF = YES;
				CLANG_WARN_OBJC_LITERAL_CONVERSION = YES;
				CLANG_WARN_OBJC_ROOT_CLASS = YES_ERROR;
				CLANG_WARN_RANGE_LOOP_ANALYSIS = YES;
				CLANG_WARN_STRICT_PROTOTYPES = YES;
				CLANG_WARN_SUSPICIOUS_MOVE = YES;
				CLANG_WARN_UNGUARDED_AVAILABILITY = YES_AGGRESSIVE;
				CLANG_WARN_UNREACHABLE_CODE = YES;
				CLANG_WARN__DUPLICATE_METHOD_MATCH = YES;
				COPY_PHASE_STRIP = NO;
				DEBUG_INFORMATION_FORMAT = "dwarf-with-dsym";
				ENABLE_NS_ASSERTIONS = NO;
				ENABLE_STRICT_OBJC_MSGSEND = YES;
				GCC_C_LANGUAGE_STANDARD = gnu11;
				GCC_NO_COMMON_BLOCKS = YES;
				GCC_WARN_64_TO_32_BIT_CONVERSION = YES;
				GCC_WARN_ABOUT_RETURN_TYPE = YES_ERROR;
				GCC_WARN_UNDECLARED_SELECTOR = YES;
				GCC_WARN_UNINITIALIZED_AUTOS = YES_AGGRESSIVE;
				GCC_WARN_UNUSED_FUNCTION = YES;
				GCC_WARN_UNUSED_VARIABLE = YES;
				IPHONEOS_DEPLOYMENT_TARGET = 13.0;
				MTL_ENABLE_DEBUG_INFO = NO;
				MTL_FAST_MATH = YES;
				SDKROOT = iphoneos;
				SWIFT_COMPILATION_MODE = wholemodule;
				SWIFT_OPTIMIZATION_LEVEL = "-O";
				VALIDATE_PRODUCT = YES;
			};
			name = Release;
		};
		89EA7B982331226C00FBFC0C /* Debug */ = {
			isa = XCBuildConfiguration;
			buildSettings = {
				ASSETCATALOG_COMPILER_APPICON_NAME = AppIcon;
				CODE_SIGN_STYLE = Automatic;
				DEVELOPMENT_TEAM = V7S7GB28P7;
				INFOPLIST_FILE = RememberNames/Info.plist;
				IPHONEOS_DEPLOYMENT_TARGET = 13.0;
				LD_RUNPATH_SEARCH_PATHS = (
					"$(inherited)",
					"@executable_path/Frameworks",
				);
				PRODUCT_BUNDLE_IDENTIFIER = com.mihaileonte.RememberNames;
				PRODUCT_NAME = "$(TARGET_NAME)";
				SWIFT_VERSION = 5.0;
				TARGETED_DEVICE_FAMILY = "1,2";
			};
			name = Debug;
		};
		89EA7B992331226C00FBFC0C /* Release */ = {
			isa = XCBuildConfiguration;
			buildSettings = {
				ASSETCATALOG_COMPILER_APPICON_NAME = AppIcon;
				CODE_SIGN_STYLE = Automatic;
				DEVELOPMENT_TEAM = V7S7GB28P7;
				INFOPLIST_FILE = RememberNames/Info.plist;
				IPHONEOS_DEPLOYMENT_TARGET = 13.0;
				LD_RUNPATH_SEARCH_PATHS = (
					"$(inherited)",
					"@executable_path/Frameworks",
				);
				PRODUCT_BUNDLE_IDENTIFIER = com.mihaileonte.RememberNames;
				PRODUCT_NAME = "$(TARGET_NAME)";
				SWIFT_VERSION = 5.0;
				TARGETED_DEVICE_FAMILY = "1,2";
			};
			name = Release;
		};
/* End XCBuildConfiguration section */

/* Begin XCConfigurationList section */
		89EA7B7E2331226700FBFC0C /* Build configuration list for PBXProject "RememberNames" */ = {
			isa = XCConfigurationList;
			buildConfigurations = (
				89EA7B952331226C00FBFC0C /* Debug */,
				89EA7B962331226C00FBFC0C /* Release */,
			);
			defaultConfigurationIsVisible = 0;
			defaultConfigurationName = Release;
		};
		89EA7B972331226C00FBFC0C /* Build configuration list for PBXNativeTarget "RememberNames" */ = {
			isa = XCConfigurationList;
			buildConfigurations = (
				89EA7B982331226C00FBFC0C /* Debug */,
				89EA7B992331226C00FBFC0C /* Release */,
			);
			defaultConfigurationIsVisible = 0;
			defaultConfigurationName = Release;
		};
/* End XCConfigurationList section */
	};
	rootObject = 89EA7B7B2331226700FBFC0C /* Project object */;
}
